
Microsoft Visual Studio Solution File, Format Version 12.00
# Visual Studio 15
VisualStudioVersion = 15.0.28307.757
MinimumVisualStudioVersion = 10.0.40219.1
Project("{FAE04EC0-301F-11D3-BF4B-00C04F79EFBC}") = "AccountSolution.ConsoleApp", "AccountSolution.ConsoleApp\AccountSolution.ConsoleApp.csproj", "{60CBD1FF-2FF8-4E18-A908-7264F5B62C29}"
	ProjectSection(ProjectDependencies) = postProject
		{F750DA17-114B-4EE7-9952-FED3870CACB5} = {F750DA17-114B-4EE7-9952-FED3870CACB5}
	EndProjectSection
EndProject
Project("{F184B08F-C81C-45F6-A57F-5ABD9991F28F}") = "AccountSolution.ExIm77", "AccountSolution.ExIm77\AccountSolution.ExIm77.vbproj", "{F750DA17-114B-4EE7-9952-FED3870CACB5}"
	ProjectSection(ProjectDependencies) = postProject
		{DEFDCFCF-D0E1-4C81-9502-83BA5BD88015} = {DEFDCFCF-D0E1-4C81-9502-83BA5BD88015}
		{8078C8F3-3A89-49D8-AE72-ED327CA46441} = {8078C8F3-3A89-49D8-AE72-ED327CA46441}
	EndProjectSection
EndProject
Project("{FAE04EC0-301F-11D3-BF4B-00C04F79EFBC}") = "AccountSolution.WindowsFormsApp", "AccountSolution.WindowsFormsApp\AccountSolution.WindowsFormsApp.csproj", "{C6BC1327-E0D5-41C2-83D4-1F808BA62CDE}"
EndProject
Project("{FAE04EC0-301F-11D3-BF4B-00C04F79EFBC}") = "AccountSolution.FromAccountClassLibrary", "AccountSolution.FromAccountClassLibrary\AccountSolution.FromAccountClassLibrary.csproj", "{DEFDCFCF-D0E1-4C81-9502-83BA5BD88015}"
EndProject
Project("{FAE04EC0-301F-11D3-BF4B-00C04F79EFBC}") = "AccountSolution.SqliteClassLibrary", "AccountSolution.SqliteClassLibrary\AccountSolution.SqliteClassLibrary.csproj", "{8078C8F3-3A89-49D8-AE72-ED327CA46441}"
	ProjectSection(ProjectDependencies) = postProject
		{DEFDCFCF-D0E1-4C81-9502-83BA5BD88015} = {DEFDCFCF-D0E1-4C81-9502-83BA5BD88015}
	EndProjectSection
EndProject
Project("{FAE04EC0-301F-11D3-BF4B-00C04F79EFBC}") = "AccountSolution.WebApplication", "AccountSolution.WebApplication\AccountSolution.WebApplication.csproj", "{CAB359A6-FA10-4DE7-AB54-CAF02FCCBE72}"
	ProjectSection(ProjectDependencies) = postProject
		{DEFDCFCF-D0E1-4C81-9502-83BA5BD88015} = {DEFDCFCF-D0E1-4C81-9502-83BA5BD88015}
		{8078C8F3-3A89-49D8-AE72-ED327CA46441} = {8078C8F3-3A89-49D8-AE72-ED327CA46441}
	EndProjectSection
EndProject
Project("{FAE04EC0-301F-11D3-BF4B-00C04F79EFBC}") = "AccountSolution.WpfApp", "AccountSolution.WpfApp\AccountSolution.WpfApp.csproj", "{5BEE61E1-FE2B-463A-967A-4A9A8C3A824F}"
	ProjectSection(ProjectDependencies) = postProject
		{DEFDCFCF-D0E1-4C81-9502-83BA5BD88015} = {DEFDCFCF-D0E1-4C81-9502-83BA5BD88015}
		{8078C8F3-3A89-49D8-AE72-ED327CA46441} = {8078C8F3-3A89-49D8-AE72-ED327CA46441}
	EndProjectSection
EndProject
Project("{FAE04EC0-301F-11D3-BF4B-00C04F79EFBC}") = "TestConsoleApp", "TestConsoleApp\TestConsoleApp.csproj", "{6D7C4749-ED2A-4B99-B05C-9BA2F25DD975}"
	ProjectSection(ProjectDependencies) = postProject
		{DEFDCFCF-D0E1-4C81-9502-83BA5BD88015} = {DEFDCFCF-D0E1-4C81-9502-83BA5BD88015}
		{8078C8F3-3A89-49D8-AE72-ED327CA46441} = {8078C8F3-3A89-49D8-AE72-ED327CA46441}
		{60CBD1FF-2FF8-4E18-A908-7264F5B62C29} = {60CBD1FF-2FF8-4E18-A908-7264F5B62C29}
	EndProjectSection
EndProject
Project("{FAE04EC0-301F-11D3-BF4B-00C04F79EFBC}") = "EFConsoleApp", "EFConsoleApp\EFConsoleApp.csproj", "{007A30B3-255A-4186-9CF2-E071AE1CCF7B}"
	ProjectSection(ProjectDependencies) = postProject
		{DEFDCFCF-D0E1-4C81-9502-83BA5BD88015} = {DEFDCFCF-D0E1-4C81-9502-83BA5BD88015}
	EndProjectSection
EndProject
Project("{FAE04EC0-301F-11D3-BF4B-00C04F79EFBC}") = "AccountSolution.MsSqlClassLibrary", "AccountSolution.MsSqlClassLibrary\AccountSolution.MsSqlClassLibrary.csproj", "{24752B1D-C1C7-4CD4-A225-2D5A989A99AB}"
	ProjectSection(ProjectDependencies) = postProject
		{DEFDCFCF-D0E1-4C81-9502-83BA5BD88015} = {DEFDCFCF-D0E1-4C81-9502-83BA5BD88015}
	EndProjectSection
EndProject
Global
	GlobalSection(SolutionConfigurationPlatforms) = preSolution
		Debug|Any CPU = Debug|Any CPU
		Release|Any CPU = Release|Any CPU
	EndGlobalSection
	GlobalSection(ProjectConfigurationPlatforms) = postSolution
		{60CBD1FF-2FF8-4E18-A908-7264F5B62C29}.Debug|Any CPU.ActiveCfg = Debug|Any CPU
		{60CBD1FF-2FF8-4E18-A908-7264F5B62C29}.Debug|Any CPU.Build.0 = Debug|Any CPU
		{60CBD1FF-2FF8-4E18-A908-7264F5B62C29}.Release|Any CPU.ActiveCfg = Release|Any CPU
		{60CBD1FF-2FF8-4E18-A908-7264F5B62C29}.Release|Any CPU.Build.0 = Release|Any CPU
		{F750DA17-114B-4EE7-9952-FED3870CACB5}.Debug|Any CPU.ActiveCfg = Debug|Any CPU
		{F750DA17-114B-4EE7-9952-FED3870CACB5}.Debug|Any CPU.Build.0 = Debug|Any CPU
		{F750DA17-114B-4EE7-9952-FED3870CACB5}.Release|Any CPU.ActiveCfg = Release|Any CPU
		{F750DA17-114B-4EE7-9952-FED3870CACB5}.Release|Any CPU.Build.0 = Release|Any CPU
		{C6BC1327-E0D5-41C2-83D4-1F808BA62CDE}.Debug|Any CPU.ActiveCfg = Debug|Any CPU
		{C6BC1327-E0D5-41C2-83D4-1F808BA62CDE}.Debug|Any CPU.Build.0 = Debug|Any CPU
		{C6BC1327-E0D5-41C2-83D4-1F808BA62CDE}.Release|Any CPU.ActiveCfg = Release|Any CPU
		{C6BC1327-E0D5-41C2-83D4-1F808BA62CDE}.Release|Any CPU.Build.0 = Release|Any CPU
		{DEFDCFCF-D0E1-4C81-9502-83BA5BD88015}.Debug|Any CPU.ActiveCfg = Debug|Any CPU
		{DEFDCFCF-D0E1-4C81-9502-83BA5BD88015}.Debug|Any CPU.Build.0 = Debug|Any CPU
		{DEFDCFCF-D0E1-4C81-9502-83BA5BD88015}.Release|Any CPU.ActiveCfg = Release|Any CPU
		{DEFDCFCF-D0E1-4C81-9502-83BA5BD88015}.Release|Any CPU.Build.0 = Release|Any CPU
		{8078C8F3-3A89-49D8-AE72-ED327CA46441}.Debug|Any CPU.ActiveCfg = Debug|Any CPU
		{8078C8F3-3A89-49D8-AE72-ED327CA46441}.Debug|Any CPU.Build.0 = Debug|Any CPU
		{8078C8F3-3A89-49D8-AE72-ED327CA46441}.Release|Any CPU.ActiveCfg = Release|Any CPU
		{8078C8F3-3A89-49D8-AE72-ED327CA46441}.Release|Any CPU.Build.0 = Release|Any CPU
		{CAB359A6-FA10-4DE7-AB54-CAF02FCCBE72}.Debug|Any CPU.ActiveCfg = Debug|Any CPU
		{CAB359A6-FA10-4DE7-AB54-CAF02FCCBE72}.Debug|Any CPU.Build.0 = Debug|Any CPU
		{CAB359A6-FA10-4DE7-AB54-CAF02FCCBE72}.Release|Any CPU.ActiveCfg = Release|Any CPU
		{CAB359A6-FA10-4DE7-AB54-CAF02FCCBE72}.Release|Any CPU.Build.0 = Release|Any CPU
		{5BEE61E1-FE2B-463A-967A-4A9A8C3A824F}.Debug|Any CPU.ActiveCfg = Debug|Any CPU
		{5BEE61E1-FE2B-463A-967A-4A9A8C3A824F}.Debug|Any CPU.Build.0 = Debug|Any CPU
		{5BEE61E1-FE2B-463A-967A-4A9A8C3A824F}.Release|Any CPU.ActiveCfg = Release|Any CPU
		{5BEE61E1-FE2B-463A-967A-4A9A8C3A824F}.Release|Any CPU.Build.0 = Release|Any CPU
		{6D7C4749-ED2A-4B99-B05C-9BA2F25DD975}.Debug|Any CPU.ActiveCfg = Debug|Any CPU
		{6D7C4749-ED2A-4B99-B05C-9BA2F25DD975}.Debug|Any CPU.Build.0 = Debug|Any CPU
		{6D7C4749-ED2A-4B99-B05C-9BA2F25DD975}.Release|Any CPU.ActiveCfg = Release|Any CPU
		{6D7C4749-ED2A-4B99-B05C-9BA2F25DD975}.Release|Any CPU.Build.0 = Release|Any CPU
		{007A30B3-255A-4186-9CF2-E071AE1CCF7B}.Debug|Any CPU.ActiveCfg = Debug|Any CPU
		{007A30B3-255A-4186-9CF2-E071AE1CCF7B}.Debug|Any CPU.Build.0 = Debug|Any CPU
		{007A30B3-255A-4186-9CF2-E071AE1CCF7B}.Release|Any CPU.ActiveCfg = Release|Any CPU
		{007A30B3-255A-4186-9CF2-E071AE1CCF7B}.Release|Any CPU.Build.0 = Release|Any CPU
		{24752B1D-C1C7-4CD4-A225-2D5A989A99AB}.Debug|Any CPU.ActiveCfg = Debug|Any CPU
		{24752B1D-C1C7-4CD4-A225-2D5A989A99AB}.Debug|Any CPU.Build.0 = Debug|Any CPU
		{24752B1D-C1C7-4CD4-A225-2D5A989A99AB}.Release|Any CPU.ActiveCfg = Release|Any CPU
		{24752B1D-C1C7-4CD4-A225-2D5A989A99AB}.Release|Any CPU.Build.0 = Release|Any CPU
	EndGlobalSection
	GlobalSection(SolutionProperties) = preSolution
		HideSolutionNode = FALSE
	EndGlobalSection
	GlobalSection(ExtensibilityGlobals) = postSolution
		SolutionGuid = {C5C0932D-7A66-4755-B777-50D64649E08A}
	EndGlobalSection
EndGlobal
